
Microsoft Visual Studio Solution File, Format Version 12.00
# Visual Studio Version 16
VisualStudioVersion = 16.0.29409.12
MinimumVisualStudioVersion = 10.0.40219.1
Project("{FAE04EC0-301F-11D3-BF4B-00C04F79EFBC}") = "AdventureworksQueries", "AdventureworksQueries\AdventureworksQueries.csproj", "{26D0356A-D0D2-48A7-8126-16511D398102}"
EndProject
Global
	GlobalSection(SolutionConfigurationPlatforms) = preSolution
		Debug|Any CPU = Debug|Any CPU
		Release|Any CPU = Release|Any CPU
	EndGlobalSection
	GlobalSection(ProjectConfigurationPlatforms) = postSolution
		{26D0356A-D0D2-48A7-8126-16511D398102}.Debug|Any CPU.ActiveCfg = Debug|Any CPU
		{26D0356A-D0D2-48A7-8126-16511D398102}.Debug|Any CPU.Build.0 = Debug|Any CPU
		{26D0356A-D0D2-48A7-8126-16511D398102}.Release|Any CPU.ActiveCfg = Release|Any CPU
		{26D0356A-D0D2-48A7-8126-16511D398102}.Release|Any CPU.Build.0 = Release|Any CPU
	EndGlobalSection
	GlobalSection(SolutionProperties) = preSolution
		HideSolutionNode = FALSE
	EndGlobalSection
	GlobalSection(ExtensibilityGlobals) = postSolution
		SolutionGuid = {F2C6994F-8BF9-4EDB-972F-F47869AB92D8}
	EndGlobalSection
EndGlobal
